
Microsoft Visual Studio Solution File, Format Version 12.00
# Visual Studio Version 16
VisualStudioVersion = 16.0.31205.134
MinimumVisualStudioVersion = 10.0.40219.1
Project("{FAE04EC0-301F-11D3-BF4B-00C04F79EFBC}") = "Óriásteknős", "Óriásteknős\Óriásteknős.csproj", "{30D155E3-E44A-4BEC-9CF4-F8B31C2E8582}"
EndProject
Global
	GlobalSection(SolutionConfigurationPlatforms) = preSolution
		Debug|Any CPU = Debug|Any CPU
		Release|Any CPU = Release|Any CPU
	EndGlobalSection
	GlobalSection(ProjectConfigurationPlatforms) = postSolution
		{30D155E3-E44A-4BEC-9CF4-F8B31C2E8582}.Debug|Any CPU.ActiveCfg = Debug|Any CPU
		{30D155E3-E44A-4BEC-9CF4-F8B31C2E8582}.Debug|Any CPU.Build.0 = Debug|Any CPU
		{30D155E3-E44A-4BEC-9CF4-F8B31C2E8582}.Release|Any CPU.ActiveCfg = Release|Any CPU
		{30D155E3-E44A-4BEC-9CF4-F8B31C2E8582}.Release|Any CPU.Build.0 = Release|Any CPU
	EndGlobalSection
	GlobalSection(SolutionProperties) = preSolution
		HideSolutionNode = FALSE
	EndGlobalSection
	GlobalSection(ExtensibilityGlobals) = postSolution
		SolutionGuid = {F23A8A32-92C6-44BD-A4AA-A82237DE06E9}
	EndGlobalSection
EndGlobal
